// !$*UTF8*$!
{
	archiveVersion = 1;
	classes = {
	};
	objectVersion = 56;
	objects = {

/* Begin PBXFileReference section */
		F4867E112996D237006D404C /* variables.playground */ = {isa = PBXFileReference; lastKnownFileType = file.playground; path = variables.playground; sourceTree = "<group>"; xcLanguageSpecificationIdentifier = xcode.lang.swift; };
		F4EC58242997A33F00E5A696 /* controlStatements.playground */ = {isa = PBXFileReference; lastKnownFileType = file.playground; path = controlStatements.playground; sourceTree = "<group>"; xcLanguageSpecificationIdentifier = xcode.lang.swift; };
/* End PBXFileReference section */

/* Begin PBXGroup section */
		F4867E0A2996D213006D404C = {
			isa = PBXGroup;
			children = (
				F4EC58242997A33F00E5A696 /* controlStatements.playground */,
				F4867E112996D237006D404C /* variables.playground */,
			);
			sourceTree = "<group>";
		};
/* End PBXGroup section */

/* Begin PBXProject section */
		F4867E0B2996D213006D404C /* Project object */ = {
			isa = PBXProject;
			attributes = {
				BuildIndependentTargetsInParallel = 1;
				LastUpgradeCheck = 1410;
			};
			buildConfigurationList = F4867E0E2996D213006D404C /* Build configuration list for PBXProject "dailySwift" */;
			compatibilityVersion = "Xcode 14.0";
			developmentRegion = en;
			hasScannedForEncodings = 0;
			knownRegions = (
				en,
				Base,
			);
			mainGroup = F4867E0A2996D213006D404C;
			projectDirPath = "";
			projectRoot = "";
			targets = (
			);
		};
/* End PBXProject section */

/* Begin XCBuildConfiguration section */
		F4867E0F2996D213006D404C /* Debug */ = {
			isa = XCBuildConfiguration;
			buildSettings = {
			};
			name = Debug;
		};
		F4867E102996D213006D404C /* Release */ = {
			isa = XCBuildConfiguration;
			buildSettings = {
			};
			name = Release;
		};
/* End XCBuildConfiguration section */

/* Begin XCConfigurationList section */
		F4867E0E2996D213006D404C /* Build configuration list for PBXProject "dailySwift" */ = {
			isa = XCConfigurationList;
			buildConfigurations = (
				F4867E0F2996D213006D404C /* Debug */,
				F4867E102996D213006D404C /* Release */,
			);
			defaultConfigurationIsVisible = 0;
			defaultConfigurationName = Release;
		};
/* End XCConfigurationList section */
	};
	rootObject = F4867E0B2996D213006D404C /* Project object */;
}
